
Microsoft Visual Studio Solution File, Format Version 12.00
# Visual Studio Version 16
VisualStudioVersion = 16.0.31205.134
MinimumVisualStudioVersion = 10.0.40219.1
Project("{FAE04EC0-301F-11D3-BF4B-00C04F79EFBC}") = "CarRentalAPI", "CarRentalAPI\CarRentalAPI.csproj", "{F7A8206C-AE19-41F5-8043-71DB38114534}"
EndProject
Project("{FAE04EC0-301F-11D3-BF4B-00C04F79EFBC}") = "CarRental.Data", "CarRental.Data\CarRental.Data.csproj", "{D3308213-265E-465F-8CE6-1003F977138D}"
EndProject
Project("{FAE04EC0-301F-11D3-BF4B-00C04F79EFBC}") = "CarRental.Core", "CarRental.Core\CarRental.Core.csproj", "{C7546FFC-0CD2-4D3F-9D75-F3E298E28B6E}"
EndProject
Global
	GlobalSection(SolutionConfigurationPlatforms) = preSolution
		Debug|Any CPU = Debug|Any CPU
		Release|Any CPU = Release|Any CPU
	EndGlobalSection
	GlobalSection(ProjectConfigurationPlatforms) = postSolution
		{F7A8206C-AE19-41F5-8043-71DB38114534}.Debug|Any CPU.ActiveCfg = Debug|Any CPU
		{F7A8206C-AE19-41F5-8043-71DB38114534}.Debug|Any CPU.Build.0 = Debug|Any CPU
		{F7A8206C-AE19-41F5-8043-71DB38114534}.Release|Any CPU.ActiveCfg = Release|Any CPU
		{F7A8206C-AE19-41F5-8043-71DB38114534}.Release|Any CPU.Build.0 = Release|Any CPU
		{D3308213-265E-465F-8CE6-1003F977138D}.Debug|Any CPU.ActiveCfg = Debug|Any CPU
		{D3308213-265E-465F-8CE6-1003F977138D}.Debug|Any CPU.Build.0 = Debug|Any CPU
		{D3308213-265E-465F-8CE6-1003F977138D}.Release|Any CPU.ActiveCfg = Release|Any CPU
		{D3308213-265E-465F-8CE6-1003F977138D}.Release|Any CPU.Build.0 = Release|Any CPU
		{C7546FFC-0CD2-4D3F-9D75-F3E298E28B6E}.Debug|Any CPU.ActiveCfg = Debug|Any CPU
		{C7546FFC-0CD2-4D3F-9D75-F3E298E28B6E}.Debug|Any CPU.Build.0 = Debug|Any CPU
		{C7546FFC-0CD2-4D3F-9D75-F3E298E28B6E}.Release|Any CPU.ActiveCfg = Release|Any CPU
		{C7546FFC-0CD2-4D3F-9D75-F3E298E28B6E}.Release|Any CPU.Build.0 = Release|Any CPU
	EndGlobalSection
	GlobalSection(SolutionProperties) = preSolution
		HideSolutionNode = FALSE
	EndGlobalSection
	GlobalSection(ExtensibilityGlobals) = postSolution
		SolutionGuid = {36CEFCE5-BBB2-457F-8FA4-01C6FB877693}
	EndGlobalSection
EndGlobal
